// !$*UTF8*$!
{
	archiveVersion = 1;
	classes = {
	};
	objectVersion = 50;
	objects = {

/* Begin PBXBuildFile section */
		404AD40F269BEA9A007AB409 /* SidPicmenuApp.swift in Sources */ = {isa = PBXBuildFile; fileRef = 404AD3FC269BEA97007AB409 /* SidPicmenuApp.swift */; };
		404AD410269BEA9A007AB409 /* SidPicmenuApp.swift in Sources */ = {isa = PBXBuildFile; fileRef = 404AD3FC269BEA97007AB409 /* SidPicmenuApp.swift */; };
		404AD411269BEA9A007AB409 /* ContentView.swift in Sources */ = {isa = PBXBuildFile; fileRef = 404AD3FD269BEA97007AB409 /* ContentView.swift */; };
		404AD412269BEA9A007AB409 /* ContentView.swift in Sources */ = {isa = PBXBuildFile; fileRef = 404AD3FD269BEA97007AB409 /* ContentView.swift */; };
		404AD413269BEA9A007AB409 /* Assets.xcassets in Resources */ = {isa = PBXBuildFile; fileRef = 404AD3FE269BEA9A007AB409 /* Assets.xcassets */; };
		404AD414269BEA9A007AB409 /* Assets.xcassets in Resources */ = {isa = PBXBuildFile; fileRef = 404AD3FE269BEA9A007AB409 /* Assets.xcassets */; };
/* End PBXBuildFile section */

/* Begin PBXFileReference section */
		404AD3FC269BEA97007AB409 /* SidPicmenuApp.swift */ = {isa = PBXFileReference; lastKnownFileType = sourcecode.swift; path = SidPicmenuApp.swift; sourceTree = "<group>"; };
		404AD3FD269BEA97007AB409 /* ContentView.swift */ = {isa = PBXFileReference; lastKnownFileType = sourcecode.swift; path = ContentView.swift; sourceTree = "<group>"; };
		404AD3FE269BEA9A007AB409 /* Assets.xcassets */ = {isa = PBXFileReference; lastKnownFileType = folder.assetcatalog; path = Assets.xcassets; sourceTree = "<group>"; };
		404AD403269BEA9A007AB409 /* SidPicmenu.app */ = {isa = PBXFileReference; explicitFileType = wrapper.application; includeInIndex = 0; path = SidPicmenu.app; sourceTree = BUILT_PRODUCTS_DIR; };
		404AD406269BEA9A007AB409 /* Info.plist */ = {isa = PBXFileReference; lastKnownFileType = text.plist.xml; path = Info.plist; sourceTree = "<group>"; };
		404AD40B269BEA9A007AB409 /* SidPicmenu.app */ = {isa = PBXFileReference; explicitFileType = wrapper.application; includeInIndex = 0; path = SidPicmenu.app; sourceTree = BUILT_PRODUCTS_DIR; };
		404AD40D269BEA9A007AB409 /* Info.plist */ = {isa = PBXFileReference; lastKnownFileType = text.plist.xml; path = Info.plist; sourceTree = "<group>"; };
		404AD40E269BEA9A007AB409 /* macOS.entitlements */ = {isa = PBXFileReference; lastKnownFileType = text.plist.entitlements; path = macOS.entitlements; sourceTree = "<group>"; };
/* End PBXFileReference section */

/* Begin PBXFrameworksBuildPhase section */
		404AD400269BEA9A007AB409 /* Frameworks */ = {
			isa = PBXFrameworksBuildPhase;
			buildActionMask = 2147483647;
			files = (
			);
			runOnlyForDeploymentPostprocessing = 0;
		};
		404AD408269BEA9A007AB409 /* Frameworks */ = {
			isa = PBXFrameworksBuildPhase;
			buildActionMask = 2147483647;
			files = (
			);
			runOnlyForDeploymentPostprocessing = 0;
		};
/* End PBXFrameworksBuildPhase section */

/* Begin PBXGroup section */
		404AD3F6269BEA97007AB409 = {
			isa = PBXGroup;
			children = (
				404AD3FB269BEA97007AB409 /* Shared */,
				404AD405269BEA9A007AB409 /* iOS */,
				404AD40C269BEA9A007AB409 /* macOS */,
				404AD404269BEA9A007AB409 /* Products */,
			);
			sourceTree = "<group>";
		};
		404AD3FB269BEA97007AB409 /* Shared */ = {
			isa = PBXGroup;
			children = (
				404AD3FC269BEA97007AB409 /* SidPicmenuApp.swift */,
				404AD3FD269BEA97007AB409 /* ContentView.swift */,
				404AD3FE269BEA9A007AB409 /* Assets.xcassets */,
			);
			path = Shared;
			sourceTree = "<group>";
		};
		404AD404269BEA9A007AB409 /* Products */ = {
			isa = PBXGroup;
			children = (
				404AD403269BEA9A007AB409 /* SidPicmenu.app */,
				404AD40B269BEA9A007AB409 /* SidPicmenu.app */,
			);
			name = Products;
			sourceTree = "<group>";
		};
		404AD405269BEA9A007AB409 /* iOS */ = {
			isa = PBXGroup;
			children = (
				404AD406269BEA9A007AB409 /* Info.plist */,
			);
			path = iOS;
			sourceTree = "<group>";
		};
		404AD40C269BEA9A007AB409 /* macOS */ = {
			isa = PBXGroup;
			children = (
				404AD40D269BEA9A007AB409 /* Info.plist */,
				404AD40E269BEA9A007AB409 /* macOS.entitlements */,
			);
			path = macOS;
			sourceTree = "<group>";
		};
/* End PBXGroup section */

/* Begin PBXNativeTarget section */
		404AD402269BEA9A007AB409 /* SidPicmenu (iOS) */ = {
			isa = PBXNativeTarget;
			buildConfigurationList = 404AD417269BEA9A007AB409 /* Build configuration list for PBXNativeTarget "SidPicmenu (iOS)" */;
			buildPhases = (
				404AD3FF269BEA9A007AB409 /* Sources */,
				404AD400269BEA9A007AB409 /* Frameworks */,
				404AD401269BEA9A007AB409 /* Resources */,
			);
			buildRules = (
			);
			dependencies = (
			);
			name = "SidPicmenu (iOS)";
			productName = "SidPicmenu (iOS)";
			productReference = 404AD403269BEA9A007AB409 /* SidPicmenu.app */;
			productType = "com.apple.product-type.application";
		};
		404AD40A269BEA9A007AB409 /* SidPicmenu (macOS) */ = {
			isa = PBXNativeTarget;
			buildConfigurationList = 404AD41A269BEA9A007AB409 /* Build configuration list for PBXNativeTarget "SidPicmenu (macOS)" */;
			buildPhases = (
				404AD407269BEA9A007AB409 /* Sources */,
				404AD408269BEA9A007AB409 /* Frameworks */,
				404AD409269BEA9A007AB409 /* Resources */,
			);
			buildRules = (
			);
			dependencies = (
			);
			name = "SidPicmenu (macOS)";
			productName = "SidPicmenu (macOS)";
			productReference = 404AD40B269BEA9A007AB409 /* SidPicmenu.app */;
			productType = "com.apple.product-type.application";
		};
/* End PBXNativeTarget section */

/* Begin PBXProject section */
		404AD3F7269BEA97007AB409 /* Project object */ = {
			isa = PBXProject;
			attributes = {
				LastSwiftUpdateCheck = 1240;
				LastUpgradeCheck = 1240;
				TargetAttributes = {
					404AD402269BEA9A007AB409 = {
						CreatedOnToolsVersion = 12.4;
					};
					404AD40A269BEA9A007AB409 = {
						CreatedOnToolsVersion = 12.4;
					};
				};
			};
			buildConfigurationList = 404AD3FA269BEA97007AB409 /* Build configuration list for PBXProject "SidPicmenu" */;
			compatibilityVersion = "Xcode 9.3";
			developmentRegion = en;
			hasScannedForEncodings = 0;
			knownRegions = (
				en,
				Base,
			);
			mainGroup = 404AD3F6269BEA97007AB409;
			productRefGroup = 404AD404269BEA9A007AB409 /* Products */;
			projectDirPath = "";
			projectRoot = "";
			targets = (
				404AD402269BEA9A007AB409 /* SidPicmenu (iOS) */,
				404AD40A269BEA9A007AB409 /* SidPicmenu (macOS) */,
			);
		};
/* End PBXProject section */

/* Begin PBXResourcesBuildPhase section */
		404AD401269BEA9A007AB409 /* Resources */ = {
			isa = PBXResourcesBuildPhase;
			buildActionMask = 2147483647;
			files = (
				404AD413269BEA9A007AB409 /* Assets.xcassets in Resources */,
			);
			runOnlyForDeploymentPostprocessing = 0;
		};
		404AD409269BEA9A007AB409 /* Resources */ = {
			isa = PBXResourcesBuildPhase;
			buildActionMask = 2147483647;
			files = (
				404AD414269BEA9A007AB409 /* Assets.xcassets in Resources */,
			);
			runOnlyForDeploymentPostprocessing = 0;
		};
/* End PBXResourcesBuildPhase section */

/* Begin PBXSourcesBuildPhase section */
		404AD3FF269BEA9A007AB409 /* Sources */ = {
			isa = PBXSourcesBuildPhase;
			buildActionMask = 2147483647;
			files = (
				404AD411269BEA9A007AB409 /* ContentView.swift in Sources */,
				404AD40F269BEA9A007AB409 /* SidPicmenuApp.swift in Sources */,
			);
			runOnlyForDeploymentPostprocessing = 0;
		};
		404AD407269BEA9A007AB409 /* Sources */ = {
			isa = PBXSourcesBuildPhase;
			buildActionMask = 2147483647;
			files = (
				404AD412269BEA9A007AB409 /* ContentView.swift in Sources */,
				404AD410269BEA9A007AB409 /* SidPicmenuApp.swift in Sources */,
			);
			runOnlyForDeploymentPostprocessing = 0;
		};
/* End PBXSourcesBuildPhase section */

/* Begin XCBuildConfiguration section */
		404AD415269BEA9A007AB409 /* Debug */ = {
			isa = XCBuildConfiguration;
			buildSettings = {
				ALWAYS_SEARCH_USER_PATHS = NO;
				CLANG_ANALYZER_NONNULL = YES;
				CLANG_ANALYZER_NUMBER_OBJECT_CONVERSION = YES_AGGRESSIVE;
				CLANG_CXX_LANGUAGE_STANDARD = "gnu++14";
				CLANG_CXX_LIBRARY = "libc++";
				CLANG_ENABLE_MODULES = YES;
				CLANG_ENABLE_OBJC_ARC = YES;
				CLANG_ENABLE_OBJC_WEAK = YES;
				CLANG_WARN_BLOCK_CAPTURE_AUTORELEASING = YES;
				CLANG_WARN_BOOL_CONVERSION = YES;
				CLANG_WARN_COMMA = YES;
				CLANG_WARN_CONSTANT_CONVERSION = YES;
				CLANG_WARN_DEPRECATED_OBJC_IMPLEMENTATIONS = YES;
				CLANG_WARN_DIRECT_OBJC_ISA_USAGE = YES_ERROR;
				CLANG_WARN_DOCUMENTATION_COMMENTS = YES;
				CLANG_WARN_EMPTY_BODY = YES;
				CLANG_WARN_ENUM_CONVERSION = YES;
				CLANG_WARN_INFINITE_RECURSION = YES;
				CLANG_WARN_INT_CONVERSION = YES;
				CLANG_WARN_NON_LITERAL_NULL_CONVERSION = YES;
				CLANG_WARN_OBJC_IMPLICIT_RETAIN_SELF = YES;
				CLANG_WARN_OBJC_LITERAL_CONVERSION = YES;
				CLANG_WARN_OBJC_ROOT_CLASS = YES_ERROR;
				CLANG_WARN_QUOTED_INCLUDE_IN_FRAMEWORK_HEADER = YES;
				CLANG_WARN_RANGE_LOOP_ANALYSIS = YES;
				CLANG_WARN_STRICT_PROTOTYPES = YES;
				CLANG_WARN_SUSPICIOUS_MOVE = YES;
				CLANG_WARN_UNGUARDED_AVAILABILITY = YES_AGGRESSIVE;
				CLANG_WARN_UNREACHABLE_CODE = YES;
				CLANG_WARN__DUPLICATE_METHOD_MATCH = YES;
				COPY_PHASE_STRIP = NO;
				DEBUG_INFORMATION_FORMAT = dwarf;
				ENABLE_STRICT_OBJC_MSGSEND = YES;
				ENABLE_TESTABILITY = YES;
				GCC_C_LANGUAGE_STANDARD = gnu11;
				GCC_DYNAMIC_NO_PIC = NO;
				GCC_NO_COMMON_BLOCKS = YES;
				GCC_OPTIMIZATION_LEVEL = 0;
				GCC_PREPROCESSOR_DEFINITIONS = (
					"DEBUG=1",
					"$(inherited)",
				);
				GCC_WARN_64_TO_32_BIT_CONVERSION = YES;
				GCC_WARN_ABOUT_RETURN_TYPE = YES_ERROR;
				GCC_WARN_UNDECLARED_SELECTOR = YES;
				GCC_WARN_UNINITIALIZED_AUTOS = YES_AGGRESSIVE;
				GCC_WARN_UNUSED_FUNCTION = YES;
				GCC_WARN_UNUSED_VARIABLE = YES;
				MTL_ENABLE_DEBUG_INFO = INCLUDE_SOURCE;
				MTL_FAST_MATH = YES;
				ONLY_ACTIVE_ARCH = YES;
				SWIFT_ACTIVE_COMPILATION_CONDITIONS = DEBUG;
				SWIFT_OPTIMIZATION_LEVEL = "-Onone";
			};
			name = Debug;
		};
		404AD416269BEA9A007AB409 /* Release */ = {
			isa = XCBuildConfiguration;
			buildSettings = {
				ALWAYS_SEARCH_USER_PATHS = NO;
				CLANG_ANALYZER_NONNULL = YES;
				CLANG_ANALYZER_NUMBER_OBJECT_CONVERSION = YES_AGGRESSIVE;
				CLANG_CXX_LANGUAGE_STANDARD = "gnu++14";
				CLANG_CXX_LIBRARY = "libc++";
				CLANG_ENABLE_MODULES = YES;
				CLANG_ENABLE_OBJC_ARC = YES;
				CLANG_ENABLE_OBJC_WEAK = YES;
				CLANG_WARN_BLOCK_CAPTURE_AUTORELEASING = YES;
				CLANG_WARN_BOOL_CONVERSION = YES;
				CLANG_WARN_COMMA = YES;
				CLANG_WARN_CONSTANT_CONVERSION = YES;
				CLANG_WARN_DEPRECATED_OBJC_IMPLEMENTATIONS = YES;
				CLANG_WARN_DIRECT_OBJC_ISA_USAGE = YES_ERROR;
				CLANG_WARN_DOCUMENTATION_COMMENTS = YES;
				CLANG_WARN_EMPTY_BODY = YES;
				CLANG_WARN_ENUM_CONVERSION = YES;
				CLANG_WARN_INFINITE_RECURSION = YES;
				CLANG_WARN_INT_CONVERSION = YES;
				CLANG_WARN_NON_LITERAL_NULL_CONVERSION = YES;
				CLANG_WARN_OBJC_IMPLICIT_RETAIN_SELF = YES;
				CLANG_WARN_OBJC_LITERAL_CONVERSION = YES;
				CLANG_WARN_OBJC_ROOT_CLASS = YES_ERROR;
				CLANG_WARN_QUOTED_INCLUDE_IN_FRAMEWORK_HEADER = YES;
				CLANG_WARN_RANGE_LOOP_ANALYSIS = YES;
				CLANG_WARN_STRICT_PROTOTYPES = YES;
				CLANG_WARN_SUSPICIOUS_MOVE = YES;
				CLANG_WARN_UNGUARDED_AVAILABILITY = YES_AGGRESSIVE;
				CLANG_WARN_UNREACHABLE_CODE = YES;
				CLANG_WARN__DUPLICATE_METHOD_MATCH = YES;
				COPY_PHASE_STRIP = NO;
				DEBUG_INFORMATION_FORMAT = "dwarf-with-dsym";
				ENABLE_NS_ASSERTIONS = NO;
				ENABLE_STRICT_OBJC_MSGSEND = YES;
				GCC_C_LANGUAGE_STANDARD = gnu11;
				GCC_NO_COMMON_BLOCKS = YES;
				GCC_WARN_64_TO_32_BIT_CONVERSION = YES;
				GCC_WARN_ABOUT_RETURN_TYPE = YES_ERROR;
				GCC_WARN_UNDECLARED_SELECTOR = YES;
				GCC_WARN_UNINITIALIZED_AUTOS = YES_AGGRESSIVE;
				GCC_WARN_UNUSED_FUNCTION = YES;
				GCC_WARN_UNUSED_VARIABLE = YES;
				MTL_ENABLE_DEBUG_INFO = NO;
				MTL_FAST_MATH = YES;
				SWIFT_COMPILATION_MODE = wholemodule;
				SWIFT_OPTIMIZATION_LEVEL = "-O";
			};
			name = Release;
		};
		404AD418269BEA9A007AB409 /* Debug */ = {
			isa = XCBuildConfiguration;
			buildSettings = {
				ASSETCATALOG_COMPILER_APPICON_NAME = AppIcon;
				ASSETCATALOG_COMPILER_GLOBAL_ACCENT_COLOR_NAME = AccentColor;
				CODE_SIGN_STYLE = Automatic;
				DEVELOPMENT_TEAM = J3X47F23GM;
				ENABLE_PREVIEWS = YES;
				INFOPLIST_FILE = iOS/Info.plist;
				IPHONEOS_DEPLOYMENT_TARGET = 14.0;
				LD_RUNPATH_SEARCH_PATHS = (
					"$(inherited)",
					"@executable_path/Frameworks",
				);
				PRODUCT_BUNDLE_IDENTIFIER = libgirl.SidPicmenu;
				PRODUCT_NAME = SidPicmenu;
				SDKROOT = iphoneos;
				SWIFT_VERSION = 5.0;
				TARGETED_DEVICE_FAMILY = "1,2";
			};
			name = Debug;
		};
		404AD419269BEA9A007AB409 /* Release */ = {
			isa = XCBuildConfiguration;
			buildSettings = {
				ASSETCATALOG_COMPILER_APPICON_NAME = AppIcon;
				ASSETCATALOG_COMPILER_GLOBAL_ACCENT_COLOR_NAME = AccentColor;
				CODE_SIGN_STYLE = Automatic;
				DEVELOPMENT_TEAM = J3X47F23GM;
				ENABLE_PREVIEWS = YES;
				INFOPLIST_FILE = iOS/Info.plist;
				IPHONEOS_DEPLOYMENT_TARGET = 14.0;
				LD_RUNPATH_SEARCH_PATHS = (
					"$(inherited)",
					"@executable_path/Frameworks",
				);
				PRODUCT_BUNDLE_IDENTIFIER = libgirl.SidPicmenu;
				PRODUCT_NAME = SidPicmenu;
				SDKROOT = iphoneos;
				SWIFT_VERSION = 5.0;
				TARGETED_DEVICE_FAMILY = "1,2";
				VALIDATE_PRODUCT = YES;
			};
			name = Release;
		};
		404AD41B269BEA9A007AB409 /* Debug */ = {
			isa = XCBuildConfiguration;
			buildSettings = {
				ASSETCATALOG_COMPILER_APPICON_NAME = AppIcon;
				ASSETCATALOG_COMPILER_GLOBAL_ACCENT_COLOR_NAME = AccentColor;
				CODE_SIGN_ENTITLEMENTS = macOS/macOS.entitlements;
				CODE_SIGN_STYLE = Automatic;
				COMBINE_HIDPI_IMAGES = YES;
				DEVELOPMENT_TEAM = J3X47F23GM;
				ENABLE_HARDENED_RUNTIME = YES;
				ENABLE_PREVIEWS = YES;
				INFOPLIST_FILE = macOS/Info.plist;
				LD_RUNPATH_SEARCH_PATHS = (
					"$(inherited)",
					"@executable_path/../Frameworks",
				);
				MACOSX_DEPLOYMENT_TARGET = 11.0;
				PRODUCT_BUNDLE_IDENTIFIER = libgirl.SidPicmenu;
				PRODUCT_NAME = SidPicmenu;
				SDKROOT = macosx;
				SWIFT_VERSION = 5.0;
			};
			name = Debug;
		};
		404AD41C269BEA9A007AB409 /* Release */ = {
			isa = XCBuildConfiguration;
			buildSettings = {
				ASSETCATALOG_COMPILER_APPICON_NAME = AppIcon;
				ASSETCATALOG_COMPILER_GLOBAL_ACCENT_COLOR_NAME = AccentColor;
				CODE_SIGN_ENTITLEMENTS = macOS/macOS.entitlements;
				CODE_SIGN_STYLE = Automatic;
				COMBINE_HIDPI_IMAGES = YES;
				DEVELOPMENT_TEAM = J3X47F23GM;
				ENABLE_HARDENED_RUNTIME = YES;
				ENABLE_PREVIEWS = YES;
				INFOPLIST_FILE = macOS/Info.plist;
				LD_RUNPATH_SEARCH_PATHS = (
					"$(inherited)",
					"@executable_path/../Frameworks",
				);
				MACOSX_DEPLOYMENT_TARGET = 11.0;
				PRODUCT_BUNDLE_IDENTIFIER = libgirl.SidPicmenu;
				PRODUCT_NAME = SidPicmenu;
				SDKROOT = macosx;
				SWIFT_VERSION = 5.0;
			};
			name = Release;
		};
/* End XCBuildConfiguration section */

/* Begin XCConfigurationList section */
		404AD3FA269BEA97007AB409 /* Build configuration list for PBXProject "SidPicmenu" */ = {
			isa = XCConfigurationList;
			buildConfigurations = (
				404AD415269BEA9A007AB409 /* Debug */,
				404AD416269BEA9A007AB409 /* Release */,
			);
			defaultConfigurationIsVisible = 0;
			defaultConfigurationName = Release;
		};
		404AD417269BEA9A007AB409 /* Build configuration list for PBXNativeTarget "SidPicmenu (iOS)" */ = {
			isa = XCConfigurationList;
			buildConfigurations = (
				404AD418269BEA9A007AB409 /* Debug */,
				404AD419269BEA9A007AB409 /* Release */,
			);
			defaultConfigurationIsVisible = 0;
			defaultConfigurationName = Release;
		};
		404AD41A269BEA9A007AB409 /* Build configuration list for PBXNativeTarget "SidPicmenu (macOS)" */ = {
			isa = XCConfigurationList;
			buildConfigurations = (
				404AD41B269BEA9A007AB409 /* Debug */,
				404AD41C269BEA9A007AB409 /* Release */,
			);
			defaultConfigurationIsVisible = 0;
			defaultConfigurationName = Release;
		};
/* End XCConfigurationList section */
	};
	rootObject = 404AD3F7269BEA97007AB409 /* Project object */;
}
